
Microsoft Visual Studio Solution File, Format Version 12.00
# Visual Studio 15
VisualStudioVersion = 15.0.28307.168
MinimumVisualStudioVersion = 10.0.40219.1
Project("{FAE04EC0-301F-11D3-BF4B-00C04F79EFBC}") = "ProiectPaw", "WindowsFormsApp12\ProiectPaw.csproj", "{F9414DF6-F71C-45D3-9BC5-12251E394825}"
EndProject
Global
	GlobalSection(SolutionConfigurationPlatforms) = preSolution
		Debug|Any CPU = Debug|Any CPU
		Release|Any CPU = Release|Any CPU
	EndGlobalSection
	GlobalSection(ProjectConfigurationPlatforms) = postSolution
		{F9414DF6-F71C-45D3-9BC5-12251E394825}.Debug|Any CPU.ActiveCfg = Debug|Any CPU
		{F9414DF6-F71C-45D3-9BC5-12251E394825}.Debug|Any CPU.Build.0 = Debug|Any CPU
		{F9414DF6-F71C-45D3-9BC5-12251E394825}.Release|Any CPU.ActiveCfg = Release|Any CPU
		{F9414DF6-F71C-45D3-9BC5-12251E394825}.Release|Any CPU.Build.0 = Release|Any CPU
	EndGlobalSection
	GlobalSection(SolutionProperties) = preSolution
		HideSolutionNode = FALSE
	EndGlobalSection
	GlobalSection(ExtensibilityGlobals) = postSolution
		SolutionGuid = {6DD368A4-C8D4-4C7E-B5CE-0704C99B12B8}
	EndGlobalSection
EndGlobal
